
Microsoft Visual Studio Solution File, Format Version 12.00
# Visual Studio Version 17
VisualStudioVersion = 17.2.32516.85
MinimumVisualStudioVersion = 10.0.40219.1
Project("{FAE04EC0-301F-11D3-BF4B-00C04F79EFBC}") = "Taller_4", "Taller_4\Taller_4.csproj", "{30BBBE12-44B8-4917-86E4-1232FF6F9FAF}"
EndProject
Global
	GlobalSection(SolutionConfigurationPlatforms) = preSolution
		Debug|Any CPU = Debug|Any CPU
		Release|Any CPU = Release|Any CPU
	EndGlobalSection
	GlobalSection(ProjectConfigurationPlatforms) = postSolution
		{30BBBE12-44B8-4917-86E4-1232FF6F9FAF}.Debug|Any CPU.ActiveCfg = Debug|Any CPU
		{30BBBE12-44B8-4917-86E4-1232FF6F9FAF}.Debug|Any CPU.Build.0 = Debug|Any CPU
		{30BBBE12-44B8-4917-86E4-1232FF6F9FAF}.Release|Any CPU.ActiveCfg = Release|Any CPU
		{30BBBE12-44B8-4917-86E4-1232FF6F9FAF}.Release|Any CPU.Build.0 = Release|Any CPU
	EndGlobalSection
	GlobalSection(SolutionProperties) = preSolution
		HideSolutionNode = FALSE
	EndGlobalSection
	GlobalSection(ExtensibilityGlobals) = postSolution
		SolutionGuid = {16D1F0E2-A0F1-45CE-99C6-CB73A4E53D7D}
	EndGlobalSection
EndGlobal
